
Microsoft Visual Studio Solution File, Format Version 12.00
# Visual Studio Version 16
VisualStudioVersion = 16.0.31624.102
MinimumVisualStudioVersion = 10.0.40219.1
Project("{9A19103F-16F7-4668-BE54-9A1E7A4F7556}") = "CodeWars Task1", "..\..\..\..\..\..\CSHARP\ValentinKorolev\csharp_practice\CodeWars Task1\CodeWars Task1.csproj", "{B2805AE0-6A15-4D08-9A6F-4F92E49D8474}"
EndProject
Project("{9A19103F-16F7-4668-BE54-9A1E7A4F7556}") = "CodeWars Task2", "CodeWars Task2\CodeWars Task2.csproj", "{BEE09E1D-0187-41F8-BDDB-71A206251631}"
EndProject
Project("{9A19103F-16F7-4668-BE54-9A1E7A4F7556}") = "CodeWars Task3", "CodeWars Task3\CodeWars Task3.csproj", "{40328827-8CA4-4F6E-A279-59A1AA0BC9F8}"
EndProject
Project("{FAE04EC0-301F-11D3-BF4B-00C04F79EFBC}") = "CodeWars Task4", "CodeWars Task4\CodeWars Task4.csproj", "{70F59116-A0BF-46A0-81F1-9CADCDEA1868}"
EndProject
Global
	GlobalSection(SolutionConfigurationPlatforms) = preSolution
		Debug|Any CPU = Debug|Any CPU
		Release|Any CPU = Release|Any CPU
	EndGlobalSection
	GlobalSection(ProjectConfigurationPlatforms) = postSolution
		{B2805AE0-6A15-4D08-9A6F-4F92E49D8474}.Debug|Any CPU.ActiveCfg = Debug|Any CPU
		{B2805AE0-6A15-4D08-9A6F-4F92E49D8474}.Debug|Any CPU.Build.0 = Debug|Any CPU
		{B2805AE0-6A15-4D08-9A6F-4F92E49D8474}.Release|Any CPU.ActiveCfg = Release|Any CPU
		{B2805AE0-6A15-4D08-9A6F-4F92E49D8474}.Release|Any CPU.Build.0 = Release|Any CPU
		{BEE09E1D-0187-41F8-BDDB-71A206251631}.Debug|Any CPU.ActiveCfg = Debug|Any CPU
		{BEE09E1D-0187-41F8-BDDB-71A206251631}.Debug|Any CPU.Build.0 = Debug|Any CPU
		{BEE09E1D-0187-41F8-BDDB-71A206251631}.Release|Any CPU.ActiveCfg = Release|Any CPU
		{BEE09E1D-0187-41F8-BDDB-71A206251631}.Release|Any CPU.Build.0 = Release|Any CPU
		{40328827-8CA4-4F6E-A279-59A1AA0BC9F8}.Debug|Any CPU.ActiveCfg = Debug|Any CPU
		{40328827-8CA4-4F6E-A279-59A1AA0BC9F8}.Debug|Any CPU.Build.0 = Debug|Any CPU
		{40328827-8CA4-4F6E-A279-59A1AA0BC9F8}.Release|Any CPU.ActiveCfg = Release|Any CPU
		{40328827-8CA4-4F6E-A279-59A1AA0BC9F8}.Release|Any CPU.Build.0 = Release|Any CPU
		{70F59116-A0BF-46A0-81F1-9CADCDEA1868}.Debug|Any CPU.ActiveCfg = Debug|Any CPU
		{70F59116-A0BF-46A0-81F1-9CADCDEA1868}.Debug|Any CPU.Build.0 = Debug|Any CPU
		{70F59116-A0BF-46A0-81F1-9CADCDEA1868}.Release|Any CPU.ActiveCfg = Release|Any CPU
		{70F59116-A0BF-46A0-81F1-9CADCDEA1868}.Release|Any CPU.Build.0 = Release|Any CPU
	EndGlobalSection
	GlobalSection(SolutionProperties) = preSolution
		HideSolutionNode = FALSE
	EndGlobalSection
	GlobalSection(ExtensibilityGlobals) = postSolution
		SolutionGuid = {51B46072-35A6-4303-9E75-67E06CB91C12}
	EndGlobalSection
EndGlobal
