
Microsoft Visual Studio Solution File, Format Version 12.00
# Visual Studio Version 16
VisualStudioVersion = 16.0.31624.102
MinimumVisualStudioVersion = 10.0.40219.1
Project("{FAE04EC0-301F-11D3-BF4B-00C04F79EFBC}") = "TestGit", "TestGit\TestGit.csproj", "{BF43A7D6-E50C-4E8F-BA28-2327563ED407}"
EndProject
Global
	GlobalSection(SolutionConfigurationPlatforms) = preSolution
		Debug|Any CPU = Debug|Any CPU
		Release|Any CPU = Release|Any CPU
	EndGlobalSection
	GlobalSection(ProjectConfigurationPlatforms) = postSolution
		{BF43A7D6-E50C-4E8F-BA28-2327563ED407}.Debug|Any CPU.ActiveCfg = Debug|Any CPU
		{BF43A7D6-E50C-4E8F-BA28-2327563ED407}.Debug|Any CPU.Build.0 = Debug|Any CPU
		{BF43A7D6-E50C-4E8F-BA28-2327563ED407}.Release|Any CPU.ActiveCfg = Release|Any CPU
		{BF43A7D6-E50C-4E8F-BA28-2327563ED407}.Release|Any CPU.Build.0 = Release|Any CPU
	EndGlobalSection
	GlobalSection(SolutionProperties) = preSolution
		HideSolutionNode = FALSE
	EndGlobalSection
	GlobalSection(ExtensibilityGlobals) = postSolution
		SolutionGuid = {A1054348-7FE3-4914-A6AA-B5DF0FD27B84}
	EndGlobalSection
EndGlobal
